
Microsoft Visual Studio Solution File, Format Version 12.00
# Visual Studio 15
VisualStudioVersion = 15.0.28010.0
MinimumVisualStudioVersion = 10.0.40219.1
Project("{FAE04EC0-301F-11D3-BF4B-00C04F79EFBC}") = "NorrlandsShoppen", "NorrlandsShoppen\NorrlandsShoppen.csproj", "{9AB17208-FE20-483B-AAC6-CE38992F405E}"
EndProject
Global
	GlobalSection(SolutionConfigurationPlatforms) = preSolution
		Debug|Any CPU = Debug|Any CPU
		Release|Any CPU = Release|Any CPU
	EndGlobalSection
	GlobalSection(ProjectConfigurationPlatforms) = postSolution
		{9AB17208-FE20-483B-AAC6-CE38992F405E}.Debug|Any CPU.ActiveCfg = Debug|Any CPU
		{9AB17208-FE20-483B-AAC6-CE38992F405E}.Debug|Any CPU.Build.0 = Debug|Any CPU
		{9AB17208-FE20-483B-AAC6-CE38992F405E}.Release|Any CPU.ActiveCfg = Release|Any CPU
		{9AB17208-FE20-483B-AAC6-CE38992F405E}.Release|Any CPU.Build.0 = Release|Any CPU
	EndGlobalSection
	GlobalSection(SolutionProperties) = preSolution
		HideSolutionNode = FALSE
	EndGlobalSection
	GlobalSection(ExtensibilityGlobals) = postSolution
		SolutionGuid = {1E821203-B3E1-42C8-BFD4-73529EC69AF0}
	EndGlobalSection
EndGlobal
